
Microsoft Visual Studio Solution File, Format Version 12.00
# Visual Studio Version 17
VisualStudioVersion = 17.14.36616.10 d17.14
MinimumVisualStudioVersion = 10.0.40219.1
Project("{FAE04EC0-301F-11D3-BF4B-00C04F79EFBC}") = "Playlist", "Playlist\Playlist.csproj", "{495FF9A7-9022-4124-B954-661E94B302FC}"
EndProject
Global
	GlobalSection(SolutionConfigurationPlatforms) = preSolution
		Debug|Any CPU = Debug|Any CPU
		Release|Any CPU = Release|Any CPU
	EndGlobalSection
	GlobalSection(ProjectConfigurationPlatforms) = postSolution
		{495FF9A7-9022-4124-B954-661E94B302FC}.Debug|Any CPU.ActiveCfg = Debug|Any CPU
		{495FF9A7-9022-4124-B954-661E94B302FC}.Debug|Any CPU.Build.0 = Debug|Any CPU
		{495FF9A7-9022-4124-B954-661E94B302FC}.Release|Any CPU.ActiveCfg = Release|Any CPU
		{495FF9A7-9022-4124-B954-661E94B302FC}.Release|Any CPU.Build.0 = Release|Any CPU
	EndGlobalSection
	GlobalSection(SolutionProperties) = preSolution
		HideSolutionNode = FALSE
	EndGlobalSection
	GlobalSection(ExtensibilityGlobals) = postSolution
		SolutionGuid = {73ECFEF2-41C7-4EE7-BAE2-8E723D41AD87}
	EndGlobalSection
EndGlobal
